
Microsoft Visual Studio Solution File, Format Version 12.00
# Visual Studio Version 17
VisualStudioVersion = 17.14.37516.0 d17.14
MinimumVisualStudioVersion = 10.0.40219.1
Project("{FAE04EC0-301F-11D3-BF4B-00C04F79EFBC}") = "Sicherheitsfreigabe", "Sicherheitsfreigabe\Sicherheitsfreigabe.csproj", "{FFB89BD1-6A7C-4D63-8542-2789B2BE801B}"
EndProject
Global
	GlobalSection(SolutionConfigurationPlatforms) = preSolution
		Debug|Any CPU = Debug|Any CPU
		Release|Any CPU = Release|Any CPU
	EndGlobalSection
	GlobalSection(ProjectConfigurationPlatforms) = postSolution
		{FFB89BD1-6A7C-4D63-8542-2789B2BE801B}.Debug|Any CPU.ActiveCfg = Debug|Any CPU
		{FFB89BD1-6A7C-4D63-8542-2789B2BE801B}.Debug|Any CPU.Build.0 = Debug|Any CPU
		{FFB89BD1-6A7C-4D63-8542-2789B2BE801B}.Release|Any CPU.ActiveCfg = Release|Any CPU
		{FFB89BD1-6A7C-4D63-8542-2789B2BE801B}.Release|Any CPU.Build.0 = Release|Any CPU
	EndGlobalSection
	GlobalSection(SolutionProperties) = preSolution
		HideSolutionNode = FALSE
	EndGlobalSection
	GlobalSection(ExtensibilityGlobals) = postSolution
		SolutionGuid = {DD252D95-657A-42E9-948F-A7F2D0064BAB}
	EndGlobalSection
EndGlobal
